Microsoft Visual Studio Solution File, Format Version 11.00
# Visual Studio 2008

Project("{BD37DF25-D8AE-3532-CBD8-76BB0D959522}") = "Hack-a-Frac", "Assembly-CSharp-firstpass.csproj", "{CC4C5C36-36EF-8C56-83A5-0BBA057867F8}"
EndProject
Project("{BD37DF25-D8AE-3532-CBD8-76BB0D959522}") = "Hack-a-Frac", "Assembly-CSharp.csproj", "{EED78D67-66B0-8011-4A83-FF814E805B82}"
EndProject
Project("{BD37DF25-D8AE-3532-CBD8-76BB0D959522}") = "Hack-a-Frac", "Assembly-CSharp-Editor.csproj", "{BA42D94E-F680-CCD5-B55B-37A26D3A583E}"
EndProject
Global
	GlobalSection(SolutionConfigurationPlatforms) = preSolution
		Debug|Any CPU = Debug|Any CPU
		Release|Any CPU = Release|Any CPU
	EndGlobalSection
	GlobalSection(ProjectConfigurationPlatforms) = postSolution
		{CC4C5C36-36EF-8C56-83A5-0BBA057867F8}.Debug|Any CPU.ActiveCfg = Debug|Any CPU
		{CC4C5C36-36EF-8C56-83A5-0BBA057867F8}.Debug|Any CPU.Build.0 = Debug|Any CPU
		{CC4C5C36-36EF-8C56-83A5-0BBA057867F8}.Release|Any CPU.ActiveCfg = Release|Any CPU
		{CC4C5C36-36EF-8C56-83A5-0BBA057867F8}.Release|Any CPU.Build.0 = Release|Any CPU
		{EED78D67-66B0-8011-4A83-FF814E805B82}.Debug|Any CPU.ActiveCfg = Debug|Any CPU
		{EED78D67-66B0-8011-4A83-FF814E805B82}.Debug|Any CPU.Build.0 = Debug|Any CPU
		{EED78D67-66B0-8011-4A83-FF814E805B82}.Release|Any CPU.ActiveCfg = Release|Any CPU
		{EED78D67-66B0-8011-4A83-FF814E805B82}.Release|Any CPU.Build.0 = Release|Any CPU
		{BA42D94E-F680-CCD5-B55B-37A26D3A583E}.Debug|Any CPU.ActiveCfg = Debug|Any CPU
		{BA42D94E-F680-CCD5-B55B-37A26D3A583E}.Debug|Any CPU.Build.0 = Debug|Any CPU
		{BA42D94E-F680-CCD5-B55B-37A26D3A583E}.Release|Any CPU.ActiveCfg = Release|Any CPU
		{BA42D94E-F680-CCD5-B55B-37A26D3A583E}.Release|Any CPU.Build.0 = Release|Any CPU
	EndGlobalSection
	GlobalSection(SolutionProperties) = preSolution
		HideSolutionNode = FALSE
	EndGlobalSection
	GlobalSection(MonoDevelopProperties) = preSolution
		StartupItem = Assembly-CSharp.csproj
	EndGlobalSection
EndGlobal
